
Microsoft Visual Studio Solution File, Format Version 12.00
# Visual Studio Version 16
VisualStudioVersion = 16.0.30413.136
MinimumVisualStudioVersion = 10.0.40219.1
Project("{FAE04EC0-301F-11D3-BF4B-00C04F79EFBC}") = "Passwords", "Passwords\Passwords.csproj", "{06184438-20B7-4F2D-ACEB-15B0D1C92398}"
EndProject
Global
	GlobalSection(SolutionConfigurationPlatforms) = preSolution
		Debug|Any CPU = Debug|Any CPU
		Release|Any CPU = Release|Any CPU
	EndGlobalSection
	GlobalSection(ProjectConfigurationPlatforms) = postSolution
		{06184438-20B7-4F2D-ACEB-15B0D1C92398}.Debug|Any CPU.ActiveCfg = Debug|Any CPU
		{06184438-20B7-4F2D-ACEB-15B0D1C92398}.Debug|Any CPU.Build.0 = Debug|Any CPU
		{06184438-20B7-4F2D-ACEB-15B0D1C92398}.Release|Any CPU.ActiveCfg = Release|Any CPU
		{06184438-20B7-4F2D-ACEB-15B0D1C92398}.Release|Any CPU.Build.0 = Release|Any CPU
	EndGlobalSection
	GlobalSection(SolutionProperties) = preSolution
		HideSolutionNode = FALSE
	EndGlobalSection
	GlobalSection(ExtensibilityGlobals) = postSolution
		SolutionGuid = {95ADF8B8-3601-453F-A5A7-6111A5DB16FB}
	EndGlobalSection
EndGlobal
